// !$*UTF8*$!
{
	archiveVersion = 1;
	classes = {
	};
	objectVersion = 46;
	objects = {

/* Begin PBXBuildFile section */
		1F19E4B21BEB15C300D95861 /* TableViewControllerOrigens.swift in Sources */ = {isa = PBXBuildFile; fileRef = 1F19E4B11BEB15C300D95861 /* TableViewControllerOrigens.swift */; };
		1F19E4B41BEB297800D95861 /* TableViewControllerDestinos.swift in Sources */ = {isa = PBXBuildFile; fileRef = 1F19E4B31BEB297800D95861 /* TableViewControllerDestinos.swift */; };
		1F19E4B61BF3F97600D95861 /* ViewController.swift in Sources */ = {isa = PBXBuildFile; fileRef = 1F19E4B51BF3F97600D95861 /* ViewController.swift */; };
		1F8EB6AE1BEAA5C8009DF0FE /* AppDelegate.swift in Sources */ = {isa = PBXBuildFile; fileRef = 1F8EB6AD1BEAA5C8009DF0FE /* AppDelegate.swift */; };
		1F8EB6B31BEAA5C8009DF0FE /* Main.storyboard in Resources */ = {isa = PBXBuildFile; fileRef = 1F8EB6B11BEAA5C8009DF0FE /* Main.storyboard */; };
		1F8EB6B51BEAA5C8009DF0FE /* Assets.xcassets in Resources */ = {isa = PBXBuildFile; fileRef = 1F8EB6B41BEAA5C8009DF0FE /* Assets.xcassets */; };
		1F8EB6B81BEAA5C8009DF0FE /* LaunchScreen.storyboard in Resources */ = {isa = PBXBuildFile; fileRef = 1F8EB6B61BEAA5C8009DF0FE /* LaunchScreen.storyboard */; };
		1F8EB6C01BEAA6A1009DF0FE /* TableViewControllerMedidas.swift in Sources */ = {isa = PBXBuildFile; fileRef = 1F8EB6BF1BEAA6A1009DF0FE /* TableViewControllerMedidas.swift */; };
		1F8EB6C41BEAAF06009DF0FE /* Temperatura.swift in Sources */ = {isa = PBXBuildFile; fileRef = 1F8EB6C31BEAAF06009DF0FE /* Temperatura.swift */; };
		1FE777C41C23E90900BE8711 /* Comprimento.swift in Sources */ = {isa = PBXBuildFile; fileRef = 1FE777C31C23E90900BE8711 /* Comprimento.swift */; };
/* End PBXBuildFile section */

/* Begin PBXFileReference section */
		1F19E4B11BEB15C300D95861 /* TableViewControllerOrigens.swift */ = {isa = PBXFileReference; fileEncoding = 4; lastKnownFileType = sourcecode.swift; path = TableViewControllerOrigens.swift; sourceTree = "<group>"; };
		1F19E4B31BEB297800D95861 /* TableViewControllerDestinos.swift */ = {isa = PBXFileReference; fileEncoding = 4; lastKnownFileType = sourcecode.swift; path = TableViewControllerDestinos.swift; sourceTree = "<group>"; };
		1F19E4B51BF3F97600D95861 /* ViewController.swift */ = {isa = PBXFileReference; fileEncoding = 4; lastKnownFileType = sourcecode.swift; path = ViewController.swift; sourceTree = "<group>"; };
		1F8EB6AA1BEAA5C8009DF0FE /* Unit Converter.app */ = {isa = PBXFileReference; explicitFileType = wrapper.application; includeInIndex = 0; path = "Unit Converter.app"; sourceTree = BUILT_PRODUCTS_DIR; };
		1F8EB6AD1BEAA5C8009DF0FE /* AppDelegate.swift */ = {isa = PBXFileReference; lastKnownFileType = sourcecode.swift; path = AppDelegate.swift; sourceTree = "<group>"; };
		1F8EB6B21BEAA5C8009DF0FE /* Base */ = {isa = PBXFileReference; lastKnownFileType = file.storyboard; name = Base; path = Base.lproj/Main.storyboard; sourceTree = "<group>"; };
		1F8EB6B41BEAA5C8009DF0FE /* Assets.xcassets */ = {isa = PBXFileReference; lastKnownFileType = folder.assetcatalog; path = Assets.xcassets; sourceTree = "<group>"; };
		1F8EB6B71BEAA5C8009DF0FE /* Base */ = {isa = PBXFileReference; lastKnownFileType = file.storyboard; name = Base; path = Base.lproj/LaunchScreen.storyboard; sourceTree = "<group>"; };
		1F8EB6B91BEAA5C8009DF0FE /* Info.plist */ = {isa = PBXFileReference; lastKnownFileType = text.plist.xml; path = Info.plist; sourceTree = "<group>"; };
		1F8EB6BF1BEAA6A1009DF0FE /* TableViewControllerMedidas.swift */ = {isa = PBXFileReference; fileEncoding = 4; lastKnownFileType = sourcecode.swift; path = TableViewControllerMedidas.swift; sourceTree = "<group>"; };
		1F8EB6C31BEAAF06009DF0FE /* Temperatura.swift */ = {isa = PBXFileReference; fileEncoding = 4; lastKnownFileType = sourcecode.swift; path = Temperatura.swift; sourceTree = "<group>"; };
		1FE777C31C23E90900BE8711 /* Comprimento.swift */ = {isa = PBXFileReference; fileEncoding = 4; lastKnownFileType = sourcecode.swift; path = Comprimento.swift; sourceTree = "<group>"; };
/* End PBXFileReference section */

/* Begin PBXFrameworksBuildPhase section */
		1F8EB6A71BEAA5C8009DF0FE /* Frameworks */ = {
			isa = PBXFrameworksBuildPhase;
			buildActionMask = 2147483647;
			files = (
			);
			runOnlyForDeploymentPostprocessing = 0;
		};
/* End PBXFrameworksBuildPhase section */

/* Begin PBXGroup section */
		1F8EB6A11BEAA5C8009DF0FE = {
			isa = PBXGroup;
			children = (
				1F8EB6AC1BEAA5C8009DF0FE /* Unit Converter */,
				1F8EB6AB1BEAA5C8009DF0FE /* Products */,
			);
			sourceTree = "<group>";
		};
		1F8EB6AB1BEAA5C8009DF0FE /* Products */ = {
			isa = PBXGroup;
			children = (
				1F8EB6AA1BEAA5C8009DF0FE /* Unit Converter.app */,
			);
			name = Products;
			sourceTree = "<group>";
		};
		1F8EB6AC1BEAA5C8009DF0FE /* Unit Converter */ = {
			isa = PBXGroup;
			children = (
				1F8EB6AD1BEAA5C8009DF0FE /* AppDelegate.swift */,
				1F8EB6B11BEAA5C8009DF0FE /* Main.storyboard */,
				1F8EB6B41BEAA5C8009DF0FE /* Assets.xcassets */,
				1F8EB6B61BEAA5C8009DF0FE /* LaunchScreen.storyboard */,
				1F8EB6B91BEAA5C8009DF0FE /* Info.plist */,
				1F8EB6BF1BEAA6A1009DF0FE /* TableViewControllerMedidas.swift */,
				1F8EB6C31BEAAF06009DF0FE /* Temperatura.swift */,
				1F19E4B11BEB15C300D95861 /* TableViewControllerOrigens.swift */,
				1F19E4B31BEB297800D95861 /* TableViewControllerDestinos.swift */,
				1F19E4B51BF3F97600D95861 /* ViewController.swift */,
				1FE777C31C23E90900BE8711 /* Comprimento.swift */,
			);
			path = "Unit Converter";
			sourceTree = "<group>";
		};
/* End PBXGroup section */

/* Begin PBXNativeTarget section */
		1F8EB6A91BEAA5C8009DF0FE /* Unit Converter */ = {
			isa = PBXNativeTarget;
			buildConfigurationList = 1F8EB6BC1BEAA5C8009DF0FE /* Build configuration list for PBXNativeTarget "Unit Converter" */;
			buildPhases = (
				1F8EB6A61BEAA5C8009DF0FE /* Sources */,
				1F8EB6A71BEAA5C8009DF0FE /* Frameworks */,
				1F8EB6A81BEAA5C8009DF0FE /* Resources */,
			);
			buildRules = (
			);
			dependencies = (
			);
			name = "Unit Converter";
			productName = "Unit Converter";
			productReference = 1F8EB6AA1BEAA5C8009DF0FE /* Unit Converter.app */;
			productType = "com.apple.product-type.application";
		};
/* End PBXNativeTarget section */

/* Begin PBXProject section */
		1F8EB6A21BEAA5C8009DF0FE /* Project object */ = {
			isa = PBXProject;
			attributes = {
				LastUpgradeCheck = 0700;
				ORGANIZATIONNAME = "Carlos Filipe Pinto de Oliveira";
				TargetAttributes = {
					1F8EB6A91BEAA5C8009DF0FE = {
						CreatedOnToolsVersion = 7.0.1;
					};
				};
			};
			buildConfigurationList = 1F8EB6A51BEAA5C8009DF0FE /* Build configuration list for PBXProject "Unit Converter" */;
			compatibilityVersion = "Xcode 3.2";
			developmentRegion = English;
			hasScannedForEncodings = 0;
			knownRegions = (
				en,
				Base,
			);
			mainGroup = 1F8EB6A11BEAA5C8009DF0FE;
			productRefGroup = 1F8EB6AB1BEAA5C8009DF0FE /* Products */;
			projectDirPath = "";
			projectRoot = "";
			targets = (
				1F8EB6A91BEAA5C8009DF0FE /* Unit Converter */,
			);
		};
/* End PBXProject section */

/* Begin PBXResourcesBuildPhase section */
		1F8EB6A81BEAA5C8009DF0FE /* Resources */ = {
			isa = PBXResourcesBuildPhase;
			buildActionMask = 2147483647;
			files = (
				1F8EB6B81BEAA5C8009DF0FE /* LaunchScreen.storyboard in Resources */,
				1F8EB6B51BEAA5C8009DF0FE /* Assets.xcassets in Resources */,
				1F8EB6B31BEAA5C8009DF0FE /* Main.storyboard in Resources */,
			);
			runOnlyForDeploymentPostprocessing = 0;
		};
/* End PBXResourcesBuildPhase section */

/* Begin PBXSourcesBuildPhase section */
		1F8EB6A61BEAA5C8009DF0FE /* Sources */ = {
			isa = PBXSourcesBuildPhase;
			buildActionMask = 2147483647;
			files = (
				1F19E4B61BF3F97600D95861 /* ViewController.swift in Sources */,
				1F8EB6C01BEAA6A1009DF0FE /* TableViewControllerMedidas.swift in Sources */,
				1F19E4B41BEB297800D95861 /* TableViewControllerDestinos.swift in Sources */,
				1FE777C41C23E90900BE8711 /* Comprimento.swift in Sources */,
				1F8EB6AE1BEAA5C8009DF0FE /* AppDelegate.swift in Sources */,
				1F19E4B21BEB15C300D95861 /* TableViewControllerOrigens.swift in Sources */,
				1F8EB6C41BEAAF06009DF0FE /* Temperatura.swift in Sources */,
			);
			runOnlyForDeploymentPostprocessing = 0;
		};
/* End PBXSourcesBuildPhase section */

/* Begin PBXVariantGroup section */
		1F8EB6B11BEAA5C8009DF0FE /* Main.storyboard */ = {
			isa = PBXVariantGroup;
			children = (
				1F8EB6B21BEAA5C8009DF0FE /* Base */,
			);
			name = Main.storyboard;
			sourceTree = "<group>";
		};
		1F8EB6B61BEAA5C8009DF0FE /* LaunchScreen.storyboard */ = {
			isa = PBXVariantGroup;
			children = (
				1F8EB6B71BEAA5C8009DF0FE /* Base */,
			);
			name = LaunchScreen.storyboard;
			sourceTree = "<group>";
		};
/* End PBXVariantGroup section */

/* Begin XCBuildConfiguration section */
		1F8EB6BA1BEAA5C8009DF0FE /* Debug */ = {
			isa = XCBuildConfiguration;
			buildSettings = {
				ALWAYS_SEARCH_USER_PATHS = NO;
				CLANG_CXX_LANGUAGE_STANDARD = "gnu++0x";
				CLANG_CXX_LIBRARY = "libc++";
				CLANG_ENABLE_MODULES = YES;
				CLANG_ENABLE_OBJC_ARC = YES;
				CLANG_WARN_BOOL_CONVERSION = YES;
				CLANG_WARN_CONSTANT_CONVERSION = YES;
				CLANG_WARN_DIRECT_OBJC_ISA_USAGE = YES_ERROR;
				CLANG_WARN_EMPTY_BODY = YES;
				CLANG_WARN_ENUM_CONVERSION = YES;
				CLANG_WARN_INT_CONVERSION = YES;
				CLANG_WARN_OBJC_ROOT_CLASS = YES_ERROR;
				CLANG_WARN_UNREACHABLE_CODE = YES;
				CLANG_WARN__DUPLICATE_METHOD_MATCH = YES;
				"CODE_SIGN_IDENTITY[sdk=iphoneos*]" = "iPhone Developer";
				COPY_PHASE_STRIP = NO;
				DEBUG_INFORMATION_FORMAT = dwarf;
				ENABLE_STRICT_OBJC_MSGSEND = YES;
				ENABLE_TESTABILITY = YES;
				GCC_C_LANGUAGE_STANDARD = gnu99;
				GCC_DYNAMIC_NO_PIC = NO;
				GCC_NO_COMMON_BLOCKS = YES;
				GCC_OPTIMIZATION_LEVEL = 0;
				GCC_PREPROCESSOR_DEFINITIONS = (
					"DEBUG=1",
					"$(inherited)",
				);
				GCC_WARN_64_TO_32_BIT_CONVERSION = YES;
				GCC_WARN_ABOUT_RETURN_TYPE = YES_ERROR;
				GCC_WARN_UNDECLARED_SELECTOR = YES;
				GCC_WARN_UNINITIALIZED_AUTOS = YES_AGGRESSIVE;
				GCC_WARN_UNUSED_FUNCTION = YES;
				GCC_WARN_UNUSED_VARIABLE = YES;
				IPHONEOS_DEPLOYMENT_TARGET = 9.0;
				MTL_ENABLE_DEBUG_INFO = YES;
				ONLY_ACTIVE_ARCH = YES;
				SDKROOT = iphoneos;
				SWIFT_OPTIMIZATION_LEVEL = "-Onone";
			};
			name = Debug;
		};
		1F8EB6BB1BEAA5C8009DF0FE /* Release */ = {
			isa = XCBuildConfiguration;
			buildSettings = {
				ALWAYS_SEARCH_USER_PATHS = NO;
				CLANG_CXX_LANGUAGE_STANDARD = "gnu++0x";
				CLANG_CXX_LIBRARY = "libc++";
				CLANG_ENABLE_MODULES = YES;
				CLANG_ENABLE_OBJC_ARC = YES;
				CLANG_WARN_BOOL_CONVERSION = YES;
				CLANG_WARN_CONSTANT_CONVERSION = YES;
				CLANG_WARN_DIRECT_OBJC_ISA_USAGE = YES_ERROR;
				CLANG_WARN_EMPTY_BODY = YES;
				CLANG_WARN_ENUM_CONVERSION = YES;
				CLANG_WARN_INT_CONVERSION = YES;
				CLANG_WARN_OBJC_ROOT_CLASS = YES_ERROR;
				CLANG_WARN_UNREACHABLE_CODE = YES;
				CLANG_WARN__DUPLICATE_METHOD_MATCH = YES;
				"CODE_SIGN_IDENTITY[sdk=iphoneos*]" = "iPhone Developer";
				COPY_PHASE_STRIP = NO;
				DEBUG_INFORMATION_FORMAT = "dwarf-with-dsym";
				ENABLE_NS_ASSERTIONS = NO;
				ENABLE_STRICT_OBJC_MSGSEND = YES;
				GCC_C_LANGUAGE_STANDARD = gnu99;
				GCC_NO_COMMON_BLOCKS = YES;
				GCC_WARN_64_TO_32_BIT_CONVERSION = YES;
				GCC_WARN_ABOUT_RETURN_TYPE = YES_ERROR;
				GCC_WARN_UNDECLARED_SELECTOR = YES;
				GCC_WARN_UNINITIALIZED_AUTOS = YES_AGGRESSIVE;
				GCC_WARN_UNUSED_FUNCTION = YES;
				GCC_WARN_UNUSED_VARIABLE = YES;
				IPHONEOS_DEPLOYMENT_TARGET = 9.0;
				MTL_ENABLE_DEBUG_INFO = NO;
				SDKROOT = iphoneos;
				VALIDATE_PRODUCT = YES;
			};
			name = Release;
		};
		1F8EB6BD1BEAA5C8009DF0FE /* Debug */ = {
			isa = XCBuildConfiguration;
			buildSettings = {
				ASSETCATALOG_COMPILER_APPICON_NAME = AppIcon;
				INFOPLIST_FILE = "Unit Converter/Info.plist";
				LD_RUNPATH_SEARCH_PATHS = "$(inherited) @executable_path/Frameworks";
				PRODUCT_BUNDLE_IDENTIFIER = "pt.iset.21230638.Unit-Converter";
				PRODUCT_NAME = "$(TARGET_NAME)";
			};
			name = Debug;
		};
		1F8EB6BE1BEAA5C8009DF0FE /* Release */ = {
			isa = XCBuildConfiguration;
			buildSettings = {
				ASSETCATALOG_COMPILER_APPICON_NAME = AppIcon;
				INFOPLIST_FILE = "Unit Converter/Info.plist";
				LD_RUNPATH_SEARCH_PATHS = "$(inherited) @executable_path/Frameworks";
				PRODUCT_BUNDLE_IDENTIFIER = "pt.iset.21230638.Unit-Converter";
				PRODUCT_NAME = "$(TARGET_NAME)";
			};
			name = Release;
		};
/* End XCBuildConfiguration section */

/* Begin XCConfigurationList section */
		1F8EB6A51BEAA5C8009DF0FE /* Build configuration list for PBXProject "Unit Converter" */ = {
			isa = XCConfigurationList;
			buildConfigurations = (
				1F8EB6BA1BEAA5C8009DF0FE /* Debug */,
				1F8EB6BB1BEAA5C8009DF0FE /* Release */,
			);
			defaultConfigurationIsVisible = 0;
			defaultConfigurationName = Release;
		};
		1F8EB6BC1BEAA5C8009DF0FE /* Build configuration list for PBXNativeTarget "Unit Converter" */ = {
			isa = XCConfigurationList;
			buildConfigurations = (
				1F8EB6BD1BEAA5C8009DF0FE /* Debug */,
				1F8EB6BE1BEAA5C8009DF0FE /* Release */,
			);
			defaultConfigurationIsVisible = 0;
			defaultConfigurationName = Release;
		};
/* End XCConfigurationList section */
	};
	rootObject = 1F8EB6A21BEAA5C8009DF0FE /* Project object */;
}
